lockfileVersion: '9.0'

settings:
  autoInstallPeers: true
  excludeLinksFromLockfile: false

importers:

  .:
    dependencies:
      odiff-bin:
        specifier: ^4.3.2
        version: 4.5.0

packages:

  '@odiff/darwin-arm64@4.5.0':
    resolution: {integrity: sha512-fztpr/73BNwJqua2xSjGaxkZr9xMVDqYFIKFnZS/MAW1MzHg6lN9r0kno2aY9FSIbCyE6c6/0MqbHs/+AkDhXw==}
    cpu: [arm64]
    os: [darwin]

  '@odiff/darwin-x64@4.5.0':
    resolution: {integrity: sha512-UXm/Ak+arL5tP8fwUNKR8vuuUGtm9aYOPS2oLzhkoV5/GfK5vY09nusW6Z5c5ka9VYQQyDHRKOUieXTIZKNdxg==}
    cpu: [x64]
    os: [darwin]

  '@odiff/linux-arm64@4.5.0':
    resolution: {integrity: sha512-tAuSZSW4H6D6rscqpTtZ68dzK+FxbeSSzJHfJqcAmn9k7WWzXIseNRH6XLgFQE8t3bY1u6DqtOxQbE7nQV3ciw==}
    cpu: [arm64]
    os: [linux]

  '@odiff/linux-riscv64@4.5.0':
    resolution: {integrity: sha512-LZ42duK8HpPWNTJplqPufQWD9d5ce26imO1DOHWJoq6sGrYaNaihHJNXOX6EV363lmSEeEZNXZr+xOMgOGJoVg==}
    cpu: [riscv64]
    os: [linux]

  '@odiff/linux-x64@4.5.0':
    resolution: {integrity: sha512-9Png/tO5M70Btcsv68wvIGk2GXIbc2CAw71rbeSOyUm7acFK/rOOCt5m4aJR4ZPC+bqEpB5RBp0kccNv9/Ji3A==}
    cpu: [x64]
    os: [linux]

  '@odiff/win32-arm64@4.5.0':
    resolution: {integrity: sha512-Icz19TRoJXU6hEHppbEd8p4bGhDkE/aeECC/lnQuMMrUE14Meqmj+8Dwr+9/KWifIqDhgebwtH8wnNwH98x5/A==}
    cpu: [arm64]
    os: [win32]

  '@odiff/win32-x64@4.5.0':
    resolution: {integrity: sha512-KSwUwFSmIbLxM+aJPrQggqLhMD+AUJMtsxX531Oiskp1n3z3o2V/6meIBdY6w7ZXb6ZvU/M1WjojPViCqiQFLw==}
    cpu: [x64]
    os: [win32]

  odiff-bin@4.5.0:
    resolution: {integrity: sha512-FaXidbI0XDLCjLAet5n5OvRDfr6Fwt/C5SyWPfwgSUvYhCej1rjZjDXb/xdk+N6yTOCeAFaJ5mwTmU4ZthvPaA==}
    hasBin: true

snapshots:

  '@odiff/darwin-arm64@4.5.0':
    optional: true

  '@odiff/darwin-x64@4.5.0':
    optional: true

  '@odiff/linux-arm64@4.5.0':
    optional: true

  '@odiff/linux-riscv64@4.5.0':
    optional: true

  '@odiff/linux-x64@4.5.0':
    optional: true

  '@odiff/win32-arm64@4.5.0':
    optional: true

  '@odiff/win32-x64@4.5.0':
    optional: true

  odiff-bin@4.5.0:
    optionalDependencies:
      '@odiff/darwin-arm64': 4.5.0
      '@odiff/darwin-x64': 4.5.0
      '@odiff/linux-arm64': 4.5.0
      '@odiff/linux-riscv64': 4.5.0
      '@odiff/linux-x64': 4.5.0
      '@odiff/win32-arm64': 4.5.0
      '@odiff/win32-x64': 4.5.0
