# @generated - this file is auto-generated by `mise lock` https://mise.en.dev/dev-tools/mise-lock.html

[[tools.aws]]
version = "2.34.58"
backend = "aqua:aws/aws-cli"

[tools.aws."platforms.linux-arm64"]
url = "https://awscli.amazonaws.com/awscli-exe-linux-aarch64-2.34.58.zip"

[tools.aws."platforms.linux-arm64-musl"]
url = "https://awscli.amazonaws.com/awscli-exe-linux-aarch64-2.34.58.zip"

[tools.aws."platforms.linux-x64"]
url = "https://awscli.amazonaws.com/awscli-exe-linux-x86_64-2.34.58.zip"

[tools.aws."platforms.linux-x64-musl"]
url = "https://awscli.amazonaws.com/awscli-exe-linux-x86_64-2.34.58.zip"

[tools.aws."platforms.macos-arm64"]
checksum = "blake3:f68ee8a82845799f4ba6f5146631e58750b012c8928ceac67b57d71cb36ecf57"
url = "https://awscli.amazonaws.com/AWSCLIV2-2.34.58.pkg"

[tools.aws."platforms.macos-x64"]
url = "https://awscli.amazonaws.com/AWSCLIV2-2.34.58.pkg"

[[tools.colima]]
version = "0.10.1"
backend = "ubi:abiosoft/colima"

[tools.colima."platforms.macos-arm64-colima"]
checksum = "blake3:28302aff72d270cd19939e60ca69acdedc6dacfed538b9a413baea5ade693796"

[[tools.fnox]]
version = "1.25.1"
backend = "github:jdx/fnox"

[tools.fnox."platforms.linux-arm64"]
checksum = "sha256:fc37354b449e93cf6a15a18c15b58b27f4304ac532559b447e88b7f4e03eea83"
url = "https://github.com/jdx/fnox/releases/download/v1.25.1/fnox-aarch64-unknown-linux-gnu.tar.gz"
url_api = "https://api.github.com/repos/jdx/fnox/releases/assets/422647955"

[tools.fnox."platforms.linux-arm64-musl"]
checksum = "sha256:1e5e902a941d3a7eea262699d0f7169da5e5d06155c2f82def0baff086f9d3a4"
url = "https://github.com/jdx/fnox/releases/download/v1.25.1/fnox-aarch64-unknown-linux-musl.tar.gz"
url_api = "https://api.github.com/repos/jdx/fnox/releases/assets/422647954"

[tools.fnox."platforms.linux-x64"]
checksum = "sha256:157a3ade234eec5b8a57dfc2ae5e3ac40f1871a5fd8affac94131d91ca60023b"
url = "https://github.com/jdx/fnox/releases/download/v1.25.1/fnox-x86_64-unknown-linux-gnu.tar.gz"
url_api = "https://api.github.com/repos/jdx/fnox/releases/assets/422647964"

[tools.fnox."platforms.linux-x64-musl"]
checksum = "sha256:9bb4f563a65ba89e5a6759e95658eafbd1e32d8bd8cb1bf72fc5ff652566eaf5"
url = "https://github.com/jdx/fnox/releases/download/v1.25.1/fnox-x86_64-unknown-linux-musl.tar.gz"
url_api = "https://api.github.com/repos/jdx/fnox/releases/assets/422647965"

[tools.fnox."platforms.macos-arm64"]
checksum = "sha256:39d1f8cc620d3784f1b4c0127a0cf404f97d35ac4233656d36891d80c77cd147"
url = "https://github.com/jdx/fnox/releases/download/v1.25.1/fnox-aarch64-apple-darwin.tar.gz"
url_api = "https://api.github.com/repos/jdx/fnox/releases/assets/422647956"

[tools.fnox."platforms.macos-x64"]
checksum = "sha256:82ff6c5a8431a0f7d2d7c0d1c9c29c9ead860ef1bfbdd18e818b3c24bcde44cb"
url = "https://github.com/jdx/fnox/releases/download/v1.25.1/fnox-x86_64-apple-darwin.tar.gz"
url_api = "https://api.github.com/repos/jdx/fnox/releases/assets/422647953"

[tools.fnox."platforms.windows-x64"]
checksum = "sha256:e2874ecb0bb39816d1e5af60a920875bba5831182a46dad629a206bfcc4cb5bb"
url = "https://github.com/jdx/fnox/releases/download/v1.25.1/fnox-x86_64-pc-windows-msvc.zip"
url_api = "https://api.github.com/repos/jdx/fnox/releases/assets/422647962"

[[tools.git-lfs]]
version = "3.7.1"
backend = "aqua:git-lfs/git-lfs"

[tools.git-lfs."platforms.macos-arm64"]
checksum = "sha256:76260fb34f4ee622ff0a66b857e5954aa49c7e343a92e57a1ec4a760618c94b2"
url = "https://github.com/git-lfs/git-lfs/releases/download/v3.7.1/git-lfs-darwin-arm64-v3.7.1.zip"

[[tools.lima]]
version = "2.1.2"
backend = "aqua:lima-vm/lima"

[tools.lima."platforms.linux-arm64"]
checksum = "sha256:c2deb0aad9ba375b0d1cc37bf3e01402f2d9ef6cf63db924171d2627823626b0"
url = "https://github.com/lima-vm/lima/releases/download/v2.1.2/lima-2.1.2-Linux-aarch64.tar.gz"
provenance = "github-attestations"

[tools.lima."platforms.linux-arm64-musl"]
checksum = "sha256:c2deb0aad9ba375b0d1cc37bf3e01402f2d9ef6cf63db924171d2627823626b0"
url = "https://github.com/lima-vm/lima/releases/download/v2.1.2/lima-2.1.2-Linux-aarch64.tar.gz"
provenance = "github-attestations"

[tools.lima."platforms.linux-x64"]
checksum = "sha256:648ed5f599012a0864bd0c4809063b18116bca57f2593d30547dfedbef3c2ce0"
url = "https://github.com/lima-vm/lima/releases/download/v2.1.2/lima-2.1.2-Linux-x86_64.tar.gz"
provenance = "github-attestations"

[tools.lima."platforms.linux-x64-musl"]
checksum = "sha256:648ed5f599012a0864bd0c4809063b18116bca57f2593d30547dfedbef3c2ce0"
url = "https://github.com/lima-vm/lima/releases/download/v2.1.2/lima-2.1.2-Linux-x86_64.tar.gz"
provenance = "github-attestations"

[tools.lima."platforms.macos-arm64"]
checksum = "sha256:7081d03d01511f20c4a3b38d8120428ef1c66e4b21ec9b54017bc65da60b031f"
url = "https://github.com/lima-vm/lima/releases/download/v2.1.2/lima-2.1.2-Darwin-arm64.tar.gz"
provenance = "github-attestations"

[tools.lima."platforms.macos-x64"]
checksum = "sha256:3dc5218c7b0cc14126fb6e3ae6f174f026660e4e2cdffcb34b16e5a2f415eb45"
url = "https://github.com/lima-vm/lima/releases/download/v2.1.2/lima-2.1.2-Darwin-x86_64.tar.gz"
provenance = "github-attestations"

[[tools.node]]
version = "26.3.0"
backend = "core:node"

[tools.node."platforms.linux-arm64"]
checksum = "sha256:b2e01f65905c24cb5dd19c4cfbfefe0118e0504c170cc18beac343a2abbb59bd"
url = "https://nodejs.org/dist/v26.3.0/node-v26.3.0-linux-arm64.tar.gz"

[tools.node."platforms.linux-arm64-musl"]
checksum = "sha256:2487ff4f03dbd8998a3778886d50c1ee5f13a3b9cefbfa3aed02c32dbf1e1fb8"
url = "https://unofficial-builds.nodejs.org/download/release/v26.3.0/node-v26.3.0-linux-arm64-musl.tar.gz"

[tools.node."platforms.linux-x64"]
checksum = "sha256:a6e65cc653e40c1653b77742f9185dbce3ff1f99fa2746d211bddb53530ef206"
url = "https://nodejs.org/dist/v26.3.0/node-v26.3.0-linux-x64.tar.gz"

[tools.node."platforms.linux-x64-musl"]
checksum = "sha256:6ad2e7c0cf693fecc2febb1abf753940244f3baaa04626361ed52d64843ffc67"
url = "https://unofficial-builds.nodejs.org/download/release/v26.3.0/node-v26.3.0-linux-x64-musl.tar.gz"

[tools.node."platforms.macos-arm64"]
checksum = "sha256:77ef7f7a15aa757c2ca19d63cf41c8d9eb3b18590ebc6883871310787d8c6b6c"
url = "https://nodejs.org/dist/v26.3.0/node-v26.3.0-darwin-arm64.tar.gz"

[tools.node."platforms.macos-x64"]
checksum = "sha256:7453bd54a17bdc656e2e784d702f6eeb224fb517965e6f8c5a31a88c83d3804c"
url = "https://nodejs.org/dist/v26.3.0/node-v26.3.0-darwin-x64.tar.gz"

[tools.node."platforms.windows-x64"]
checksum = "sha256:ec6d0f6b056c89498a9b26c4d5c77a31fd0b7fe45ba8a45fa87d26f66c3ebce4"
url = "https://nodejs.org/dist/v26.3.0/node-v26.3.0-win-x64.zip"

[[tools.pnpm]]
version = "11.5.1"
backend = "aqua:pnpm/pnpm"

[tools.pnpm."platforms.linux-arm64"]
checksum = "sha256:6f1e9d36d12a84aafddbbd024f9e98104aa701c888f05f7df5f4149e2fe87479"
url = "https://github.com/pnpm/pnpm/releases/download/v11.5.1/pnpm-linux-arm64.tar.gz"
provenance = "github-attestations"

[tools.pnpm."platforms.linux-arm64-musl"]
checksum = "sha256:24af7c258d77dd3af077be7775a67d462097864443b5bd48b93baf11c5bfe500"
url = "https://github.com/pnpm/pnpm/releases/download/v11.5.1/pnpm-linux-arm64-musl.tar.gz"
provenance = "github-attestations"

[tools.pnpm."platforms.linux-x64"]
checksum = "sha256:5cebc2fa002cabc2008075148427e1aa7baaa7df17dd9f5226e2b1b401e83583"
url = "https://github.com/pnpm/pnpm/releases/download/v11.5.1/pnpm-linux-x64.tar.gz"
provenance = "github-attestations"

[tools.pnpm."platforms.linux-x64-musl"]
checksum = "sha256:103e77f25422802a89c6206a09466b05042e9f8e40921db177550944abc7882c"
url = "https://github.com/pnpm/pnpm/releases/download/v11.5.1/pnpm-linux-x64-musl.tar.gz"
provenance = "github-attestations"

[tools.pnpm."platforms.macos-arm64"]
checksum = "sha256:6533dc62f42eafc1965ef3170fb0bf750ae5c3064d0fd9bcc50bc72c5b95e4c2"
url = "https://github.com/pnpm/pnpm/releases/download/v11.5.1/pnpm-darwin-arm64.tar.gz"
provenance = "github-attestations"

[tools.pnpm."platforms.windows-x64"]
checksum = "sha256:776efb770783a262d3de71ee0001460845e8b0ccb9c1a6ceba005fa47dc2d90b"
url = "https://github.com/pnpm/pnpm/releases/download/v11.5.1/pnpm-win32-x64.zip"
provenance = "github-attestations"

[[tools."spm:mono0926/LicensePlist"]]
version = "3.27.9"
backend = "spm:mono0926/LicensePlist"

[[tools.swiftformat]]
version = "0.61.1"
backend = "asdf:swiftformat"

[[tools.swiftlint]]
version = "0.63.3"
backend = "asdf:swiftlint"

[[tools.tuist]]
version = "4.195.11"
backend = "asdf:tuist"
