# @generated - this file is auto-generated by `mise lock` https://mise.jdx.dev/dev-tools/mise-lock.html

[[tools."aqua:tuist"]]
version = "4.203.4"
backend = "aqua:tuist"

[tools."aqua:tuist"."platforms.linux-arm64"]
checksum = "sha256:5835e2290ef93b3e5f20ae45cbe54698e7768056aa10286eaecdd9affc31f9e2"
url = "https://github.com/tuist/tuist/releases/download/4.203.4/tuist-linux-aarch64.tar.gz"
url_api = "https://api.github.com/repos/tuist/tuist/releases/assets/504546160"

[tools."aqua:tuist"."platforms.linux-arm64-musl"]
checksum = "sha256:5835e2290ef93b3e5f20ae45cbe54698e7768056aa10286eaecdd9affc31f9e2"
url = "https://github.com/tuist/tuist/releases/download/4.203.4/tuist-linux-aarch64.tar.gz"
url_api = "https://api.github.com/repos/tuist/tuist/releases/assets/504546160"

[tools."aqua:tuist"."platforms.linux-x64"]
checksum = "sha256:41400dfd103a1f48d72e581d21e847e63beca3ff4715047be721830ee6b90b77"
url = "https://github.com/tuist/tuist/releases/download/4.203.4/tuist-linux-x86_64.tar.gz"
url_api = "https://api.github.com/repos/tuist/tuist/releases/assets/504546151"

[tools."aqua:tuist"."platforms.linux-x64-musl"]
checksum = "sha256:41400dfd103a1f48d72e581d21e847e63beca3ff4715047be721830ee6b90b77"
url = "https://github.com/tuist/tuist/releases/download/4.203.4/tuist-linux-x86_64.tar.gz"
url_api = "https://api.github.com/repos/tuist/tuist/releases/assets/504546151"

[tools."aqua:tuist"."platforms.macos-arm64"]
checksum = "sha256:0440b3f66c0a33a08c98474274b026bac9bd2f9ffb897784ea01ce885f7251ce"
url = "https://github.com/tuist/tuist/releases/download/4.203.4/tuist.zip"
url_api = "https://api.github.com/repos/tuist/tuist/releases/assets/504546155"

[tools."aqua:tuist"."platforms.macos-x64"]
checksum = "sha256:0440b3f66c0a33a08c98474274b026bac9bd2f9ffb897784ea01ce885f7251ce"
url = "https://github.com/tuist/tuist/releases/download/4.203.4/tuist.zip"
url_api = "https://api.github.com/repos/tuist/tuist/releases/assets/504546155"

[[tools.aws]]
version = "2.36.19"
backend = "aqua:aws/aws-cli"

[[tools.git-lfs]]
version = "3.7.1"
backend = "aqua:git-lfs/git-lfs"

[tools.git-lfs."platforms.linux-arm64"]
checksum = "sha256:73a9c90eeb4312133a63c3eaee0c38c019ea7bfa0953d174809d25b18588dd8d"
url = "https://github.com/git-lfs/git-lfs/releases/download/v3.7.1/git-lfs-linux-arm64-v3.7.1.tar.gz"
url_api = "https://api.github.com/repos/git-lfs/git-lfs/releases/assets/305262644"

[tools.git-lfs."platforms.linux-arm64-musl"]
checksum = "sha256:73a9c90eeb4312133a63c3eaee0c38c019ea7bfa0953d174809d25b18588dd8d"
url = "https://github.com/git-lfs/git-lfs/releases/download/v3.7.1/git-lfs-linux-arm64-v3.7.1.tar.gz"
url_api = "https://api.github.com/repos/git-lfs/git-lfs/releases/assets/305262644"

[tools.git-lfs."platforms.linux-x64"]
checksum = "sha256:1c0b6ee5200ca708c5cebebb18fdeb0e1c98f1af5c1a9cba205a4c0ab5a5ec08"
url = "https://github.com/git-lfs/git-lfs/releases/download/v3.7.1/git-lfs-linux-amd64-v3.7.1.tar.gz"
url_api = "https://api.github.com/repos/git-lfs/git-lfs/releases/assets/305262626"

[tools.git-lfs."platforms.linux-x64-musl"]
checksum = "sha256:1c0b6ee5200ca708c5cebebb18fdeb0e1c98f1af5c1a9cba205a4c0ab5a5ec08"
url = "https://github.com/git-lfs/git-lfs/releases/download/v3.7.1/git-lfs-linux-amd64-v3.7.1.tar.gz"
url_api = "https://api.github.com/repos/git-lfs/git-lfs/releases/assets/305262626"

[tools.git-lfs."platforms.macos-arm64"]
checksum = "sha256:76260fb34f4ee622ff0a66b857e5954aa49c7e343a92e57a1ec4a760618c94b2"
url = "https://github.com/git-lfs/git-lfs/releases/download/v3.7.1/git-lfs-darwin-arm64-v3.7.1.zip"
url_api = "https://api.github.com/repos/git-lfs/git-lfs/releases/assets/305262593"

[tools.git-lfs."platforms.macos-x64"]
checksum = "sha256:b5b1b641c0648c83661fa9eda991cd3eff945264dabc2cdf411a80dfe7ec0970"
url = "https://github.com/git-lfs/git-lfs/releases/download/v3.7.1/git-lfs-darwin-amd64-v3.7.1.zip"
url_api = "https://api.github.com/repos/git-lfs/git-lfs/releases/assets/305262587"

[tools.git-lfs."platforms.windows-x64"]
checksum = "sha256:8683cdc3d6c029b49393dcebbaa6265bd6efd9abdcf837be855b4cd42e5e80b6"
url = "https://github.com/git-lfs/git-lfs/releases/download/v3.7.1/git-lfs-windows-amd64-v3.7.1.zip"
url_api = "https://api.github.com/repos/git-lfs/git-lfs/releases/assets/305262684"

[[tools."github:a7ex/xcresultparser"]]
version = "2.2.0"
backend = "github:a7ex/xcresultparser"

[tools."github:a7ex/xcresultparser"."platforms.linux-arm64"]
checksum = "sha256:83d058fe215ea3b30c50eabc778020c02eadf89f0dcb87decd4b292528d6633a"
url = "https://github.com/a7ex/xcresultparser/releases/download/2.2.0/xcresultparser.zip"
url_api = "https://api.github.com/repos/a7ex/xcresultparser/releases/assets/481765086"

[tools."github:a7ex/xcresultparser"."platforms.linux-arm64-musl"]
checksum = "sha256:83d058fe215ea3b30c50eabc778020c02eadf89f0dcb87decd4b292528d6633a"
url = "https://github.com/a7ex/xcresultparser/releases/download/2.2.0/xcresultparser.zip"
url_api = "https://api.github.com/repos/a7ex/xcresultparser/releases/assets/481765086"

[tools."github:a7ex/xcresultparser"."platforms.linux-x64"]
checksum = "sha256:83d058fe215ea3b30c50eabc778020c02eadf89f0dcb87decd4b292528d6633a"
url = "https://github.com/a7ex/xcresultparser/releases/download/2.2.0/xcresultparser.zip"
url_api = "https://api.github.com/repos/a7ex/xcresultparser/releases/assets/481765086"

[tools."github:a7ex/xcresultparser"."platforms.linux-x64-musl"]
checksum = "sha256:83d058fe215ea3b30c50eabc778020c02eadf89f0dcb87decd4b292528d6633a"
url = "https://github.com/a7ex/xcresultparser/releases/download/2.2.0/xcresultparser.zip"
url_api = "https://api.github.com/repos/a7ex/xcresultparser/releases/assets/481765086"

[tools."github:a7ex/xcresultparser"."platforms.macos-arm64"]
checksum = "sha256:83d058fe215ea3b30c50eabc778020c02eadf89f0dcb87decd4b292528d6633a"
url = "https://github.com/a7ex/xcresultparser/releases/download/2.2.0/xcresultparser.zip"
url_api = "https://api.github.com/repos/a7ex/xcresultparser/releases/assets/481765086"

[tools."github:a7ex/xcresultparser"."platforms.macos-x64"]
checksum = "sha256:83d058fe215ea3b30c50eabc778020c02eadf89f0dcb87decd4b292528d6633a"
url = "https://github.com/a7ex/xcresultparser/releases/download/2.2.0/xcresultparser.zip"
url_api = "https://api.github.com/repos/a7ex/xcresultparser/releases/assets/481765086"

[tools."github:a7ex/xcresultparser"."platforms.windows-x64"]
checksum = "sha256:83d058fe215ea3b30c50eabc778020c02eadf89f0dcb87decd4b292528d6633a"
url = "https://github.com/a7ex/xcresultparser/releases/download/2.2.0/xcresultparser.zip"
url_api = "https://api.github.com/repos/a7ex/xcresultparser/releases/assets/481765086"

[[tools."github:abiosoft/colima"]]
version = "0.10.3"
backend = "github:abiosoft/colima"

[tools."github:abiosoft/colima"."platforms.linux-arm64"]
checksum = "sha256:ebb69208007484ac36b8a6ba72a797189b0daa88f8b31bc2b563e82b9c91cb70"
url = "https://github.com/abiosoft/colima/releases/download/v0.10.3/colima-Linux-aarch64"
url_api = "https://api.github.com/repos/abiosoft/colima/releases/assets/438456730"

[tools."github:abiosoft/colima"."platforms.linux-arm64-musl"]
checksum = "sha256:ebb69208007484ac36b8a6ba72a797189b0daa88f8b31bc2b563e82b9c91cb70"
url = "https://github.com/abiosoft/colima/releases/download/v0.10.3/colima-Linux-aarch64"
url_api = "https://api.github.com/repos/abiosoft/colima/releases/assets/438456730"

[tools."github:abiosoft/colima"."platforms.linux-x64"]
checksum = "sha256:54ea35f4847815d0a1445dbc2bc3dd6469518a38a9e960449e96b044d248d00d"
url = "https://github.com/abiosoft/colima/releases/download/v0.10.3/colima-Linux-x86_64"
url_api = "https://api.github.com/repos/abiosoft/colima/releases/assets/438456720"

[tools."github:abiosoft/colima"."platforms.linux-x64-musl"]
checksum = "sha256:54ea35f4847815d0a1445dbc2bc3dd6469518a38a9e960449e96b044d248d00d"
url = "https://github.com/abiosoft/colima/releases/download/v0.10.3/colima-Linux-x86_64"
url_api = "https://api.github.com/repos/abiosoft/colima/releases/assets/438456720"

[tools."github:abiosoft/colima"."platforms.macos-arm64"]
checksum = "sha256:980ad8bf61a4ca370243f4cb41401a61276dcd2c2502bee7b9b86f9250169f34"
url = "https://github.com/abiosoft/colima/releases/download/v0.10.3/colima-Darwin-arm64"
url_api = "https://api.github.com/repos/abiosoft/colima/releases/assets/438456725"

[tools."github:abiosoft/colima"."platforms.macos-x64"]
checksum = "sha256:3082737fe8a98afda11cba7d9a20b6e56fe80c6153464beda04bec630758770b"
url = "https://github.com/abiosoft/colima/releases/download/v0.10.3/colima-Darwin-x86_64"
url_api = "https://api.github.com/repos/abiosoft/colima/releases/assets/438456722"

[[tools."github:jdx/aube"]]
version = "1.38.0"
backend = "github:jdx/aube"

[tools."github:jdx/aube"."platforms.linux-arm64"]
checksum = "sha256:a7e2f83d2ab0d539a448a7ad5620b3989c9257d2cf77ca549343dfbd07785fc5"
url = "https://github.com/jdx/aube/releases/download/v1.38.0/aube-v1.38.0-aarch64-unknown-linux-gnu.tar.gz"
url_api = "https://api.github.com/repos/jdx/aube/releases/assets/505390654"
provenance = "github-attestations"

[tools."github:jdx/aube"."platforms.linux-arm64-musl"]
checksum = "sha256:3f9bbc4fbf8ef701f1fb64b31b009eaa9dfe93b9d2aa80da3e60af220e0cceec"
url = "https://github.com/jdx/aube/releases/download/v1.38.0/aube-v1.38.0-aarch64-unknown-linux-musl.tar.gz"
url_api = "https://api.github.com/repos/jdx/aube/releases/assets/505357326"
provenance = "github-attestations"

[tools."github:jdx/aube"."platforms.linux-x64"]
checksum = "sha256:3e027b1e3acb071b76f4ccb4c0714c28a0caedcb1b3c4417f9c150c5445f9832"
url = "https://github.com/jdx/aube/releases/download/v1.38.0/aube-v1.38.0-x86_64-unknown-linux-gnu.tar.gz"
url_api = "https://api.github.com/repos/jdx/aube/releases/assets/505365949"
provenance = "github-attestations"

[tools."github:jdx/aube"."platforms.linux-x64-musl"]
checksum = "sha256:a08426a51c7947910999ed9a1c01371a2e6fb10562b66b7e146060de48e0cc58"
url = "https://github.com/jdx/aube/releases/download/v1.38.0/aube-v1.38.0-x86_64-unknown-linux-musl.tar.gz"
url_api = "https://api.github.com/repos/jdx/aube/releases/assets/505366031"
provenance = "github-attestations"

[tools."github:jdx/aube"."platforms.macos-arm64"]
checksum = "sha256:d1a2d56a3958ac4783c1f91d99421c9d4960fc61adfd7c7bff620d4c97258741"
url = "https://github.com/jdx/aube/releases/download/v1.38.0/aube-v1.38.0-aarch64-apple-darwin.tar.gz"
url_api = "https://api.github.com/repos/jdx/aube/releases/assets/505460266"
provenance = "github-attestations"
provenance_verified = true

[tools."github:jdx/aube"."platforms.macos-x64"]
checksum = "sha256:926e5615a78ed86372b85014c3ce2ca3258f22f210a29b80e9f66becfb2255c1"
url = "https://github.com/jdx/aube/releases/download/v1.38.0/libaube-x86_64-apple-darwin.dylib"
url_api = "https://api.github.com/repos/jdx/aube/releases/assets/505378522"
provenance = "github-attestations"

[tools."github:jdx/aube"."platforms.windows-x64"]
checksum = "sha256:fb4d6480aa592d29ae0db513f0f54a6dd666fd2675d476a231b59a5422acabd7"
url = "https://github.com/jdx/aube/releases/download/v1.38.0/aube-v1.38.0-x86_64-pc-windows-msvc.zip"
url_api = "https://api.github.com/repos/jdx/aube/releases/assets/505375804"
provenance = "github-attestations"

[[tools."github:jdx/fnox"]]
version = "1.32.0"
backend = "github:jdx/fnox"

[tools."github:jdx/fnox"."platforms.linux-arm64"]
checksum = "sha256:7b6287489b780ebd474fa51c026a7df43ee9ad684fcbe13ad3a75b3e1d4a276b"
url = "https://github.com/jdx/fnox/releases/download/v1.32.0/fnox-aarch64-unknown-linux-gnu.tar.gz"
url_api = "https://api.github.com/repos/jdx/fnox/releases/assets/497823870"
provenance = "github-attestations"

[tools."github:jdx/fnox"."platforms.linux-arm64-musl"]
checksum = "sha256:2d9336fd2b508880e91933147f7bfcf9269774c81e685f4e8bc9c4f16f8fefa3"
url = "https://github.com/jdx/fnox/releases/download/v1.32.0/fnox-aarch64-unknown-linux-musl.tar.gz"
url_api = "https://api.github.com/repos/jdx/fnox/releases/assets/497823871"
provenance = "github-attestations"

[tools."github:jdx/fnox"."platforms.linux-x64"]
checksum = "sha256:7d619e0dc30a1c229a58356f04bcae326255d6a19e78c256bd06b239429728df"
url = "https://github.com/jdx/fnox/releases/download/v1.32.0/fnox-x86_64-unknown-linux-gnu.tar.gz"
url_api = "https://api.github.com/repos/jdx/fnox/releases/assets/497823899"
provenance = "github-attestations"

[tools."github:jdx/fnox"."platforms.linux-x64-musl"]
checksum = "sha256:f47e91a4b70cb4f54deb418605b7015f7509bd578a470df1f2ba531b1df80975"
url = "https://github.com/jdx/fnox/releases/download/v1.32.0/fnox-x86_64-unknown-linux-musl.tar.gz"
url_api = "https://api.github.com/repos/jdx/fnox/releases/assets/497823900"
provenance = "github-attestations"

[tools."github:jdx/fnox"."platforms.macos-arm64"]
checksum = "sha256:8eac892958b54b01146e103d0aaaf80ca09c4bd77652930a7864da0b7eacd243"
url = "https://github.com/jdx/fnox/releases/download/v1.32.0/fnox-aarch64-apple-darwin.tar.gz"
url_api = "https://api.github.com/repos/jdx/fnox/releases/assets/497823872"
provenance = "github-attestations"
provenance_verified = true

[tools."github:jdx/fnox"."platforms.macos-x64"]
checksum = "sha256:ec75551b74cfbe62f592aaa7d6d8d29f4bdd8eaeaca33c0aaab262600c7e4ed5"
url = "https://github.com/jdx/fnox/releases/download/v1.32.0/fnox-x86_64-apple-darwin.tar.gz"
url_api = "https://api.github.com/repos/jdx/fnox/releases/assets/497823869"
provenance = "github-attestations"

[tools."github:jdx/fnox"."platforms.windows-x64"]
checksum = "sha256:d81bf1305a64f2faa3a1c9316074c3295bcfb7792085d90f8c383b968f67a7be"
url = "https://github.com/jdx/fnox/releases/download/v1.32.0/fnox-x86_64-pc-windows-msvc.zip"
url_api = "https://api.github.com/repos/jdx/fnox/releases/assets/497823892"
provenance = "github-attestations"

[[tools."github:lima-vm/lima"]]
version = "2.2.0"
backend = "github:lima-vm/lima"

[tools."github:lima-vm/lima"."platforms.linux-arm64"]
checksum = "sha256:7c6a09c6844f55f811e9b7b2b60a6070a512c696c8ec752dfdb3c8ed50ed0364"
url = "https://github.com/lima-vm/lima/releases/download/v2.2.0/lima-2.2.0-Linux-aarch64.tar.gz"
url_api = "https://api.github.com/repos/lima-vm/lima/releases/assets/484813992"
provenance = "github-attestations"

[tools."github:lima-vm/lima"."platforms.linux-arm64-musl"]
checksum = "sha256:7c6a09c6844f55f811e9b7b2b60a6070a512c696c8ec752dfdb3c8ed50ed0364"
url = "https://github.com/lima-vm/lima/releases/download/v2.2.0/lima-2.2.0-Linux-aarch64.tar.gz"
url_api = "https://api.github.com/repos/lima-vm/lima/releases/assets/484813992"
provenance = "github-attestations"

[tools."github:lima-vm/lima"."platforms.linux-x64"]
checksum = "sha256:a0ea1ccf6b7335a900adb5f8d2b8384457965fecb1ba72f09b4e3e46d12f424a"
url = "https://github.com/lima-vm/lima/releases/download/v2.2.0/lima-2.2.0-Linux-x86_64.tar.gz"
url_api = "https://api.github.com/repos/lima-vm/lima/releases/assets/484813993"
provenance = "github-attestations"

[tools."github:lima-vm/lima"."platforms.linux-x64-musl"]
checksum = "sha256:a0ea1ccf6b7335a900adb5f8d2b8384457965fecb1ba72f09b4e3e46d12f424a"
url = "https://github.com/lima-vm/lima/releases/download/v2.2.0/lima-2.2.0-Linux-x86_64.tar.gz"
url_api = "https://api.github.com/repos/lima-vm/lima/releases/assets/484813993"
provenance = "github-attestations"

[tools."github:lima-vm/lima"."platforms.macos-arm64"]
checksum = "sha256:bbdef91774885a0d05f7b048c4eb89ae2bcf3a0c252ae7ca7934e63df76d93c3"
url = "https://github.com/lima-vm/lima/releases/download/v2.2.0/lima-2.2.0-Darwin-arm64.tar.gz"
url_api = "https://api.github.com/repos/lima-vm/lima/releases/assets/484813994"
provenance = "github-attestations"
provenance_verified = true

[tools."github:lima-vm/lima"."platforms.macos-x64"]
checksum = "sha256:0d6f99c19f6e4bc3c92730c4c29d929e6927f0cb0a0ba1a84383367135a8ff31"
url = "https://github.com/lima-vm/lima/releases/download/v2.2.0/lima-2.2.0-Darwin-x86_64.tar.gz"
url_api = "https://api.github.com/repos/lima-vm/lima/releases/assets/484813996"
provenance = "github-attestations"

[tools."github:lima-vm/lima"."platforms.windows-x64"]
checksum = "sha256:e7bf7dd2d2e7ab7ce020631f8f7533665f6e6f9068686d3ffcd0f3c438856ea9"
url = "https://github.com/lima-vm/lima/releases/download/v2.2.0/lima-2.2.0-Windows-AMD64.zip"
url_api = "https://api.github.com/repos/lima-vm/lima/releases/assets/484814002"
provenance = "github-attestations"

[[tools."github:nicklockwood/swiftformat"]]
version = "0.62.1"
backend = "github:nicklockwood/swiftformat"

[tools."github:nicklockwood/swiftformat"."platforms.linux-arm64"]
checksum = "sha256:374b1975082970ac17c9b307639dbc0a148656434cd612cff06957e279020f34"
url = "https://github.com/nicklockwood/SwiftFormat/releases/download/0.62.1/swiftformat_linux_aarch64.zip"
url_api = "https://api.github.com/repos/nicklockwood/SwiftFormat/releases/assets/469280453"

[tools."github:nicklockwood/swiftformat"."platforms.linux-arm64-musl"]
checksum = "sha256:374b1975082970ac17c9b307639dbc0a148656434cd612cff06957e279020f34"
url = "https://github.com/nicklockwood/SwiftFormat/releases/download/0.62.1/swiftformat_linux_aarch64.zip"
url_api = "https://api.github.com/repos/nicklockwood/SwiftFormat/releases/assets/469280453"

[tools."github:nicklockwood/swiftformat"."platforms.linux-x64"]
checksum = "sha256:61ff55f3581e2144a4ad114831167102c38be853df75c1477d20b40a8e8120aa"
url = "https://github.com/nicklockwood/SwiftFormat/releases/download/0.62.1/swiftformat_linux.zip"
url_api = "https://api.github.com/repos/nicklockwood/SwiftFormat/releases/assets/469280423"

[tools."github:nicklockwood/swiftformat"."platforms.linux-x64-musl"]
checksum = "sha256:61ff55f3581e2144a4ad114831167102c38be853df75c1477d20b40a8e8120aa"
url = "https://github.com/nicklockwood/SwiftFormat/releases/download/0.62.1/swiftformat_linux.zip"
url_api = "https://api.github.com/repos/nicklockwood/SwiftFormat/releases/assets/469280423"

[tools."github:nicklockwood/swiftformat"."platforms.macos-arm64"]
checksum = "sha256:7cb1cb1fae04932047c7015441c543848e8e60e1572d808d080e0a1f1661114a"
url = "https://github.com/nicklockwood/SwiftFormat/releases/download/0.62.1/swiftformat.zip"
url_api = "https://api.github.com/repos/nicklockwood/SwiftFormat/releases/assets/469280411"

[tools."github:nicklockwood/swiftformat"."platforms.macos-x64"]
checksum = "sha256:7cb1cb1fae04932047c7015441c543848e8e60e1572d808d080e0a1f1661114a"
url = "https://github.com/nicklockwood/SwiftFormat/releases/download/0.62.1/swiftformat.zip"
url_api = "https://api.github.com/repos/nicklockwood/SwiftFormat/releases/assets/469280411"

[tools."github:nicklockwood/swiftformat"."platforms.windows-x64"]
checksum = "sha256:7cb1cb1fae04932047c7015441c543848e8e60e1572d808d080e0a1f1661114a"
url = "https://github.com/nicklockwood/SwiftFormat/releases/download/0.62.1/swiftformat.zip"
url_api = "https://api.github.com/repos/nicklockwood/SwiftFormat/releases/assets/469280411"

[[tools."github:realm/swiftlint"]]
version = "0.65.0"
backend = "github:realm/swiftlint"

[tools."github:realm/swiftlint"."platforms.linux-arm64"]
checksum = "sha256:12d3b84bc5b69ae13a99a5a5c79904f9ce25867f099f6368d0037854f9ee6c26"
url = "https://github.com/realm/SwiftLint/releases/download/0.65.0/swiftlint_linux_arm64.zip"
url_api = "https://api.github.com/repos/realm/SwiftLint/releases/assets/459315166"

[tools."github:realm/swiftlint"."platforms.linux-arm64-musl"]
checksum = "sha256:12d3b84bc5b69ae13a99a5a5c79904f9ce25867f099f6368d0037854f9ee6c26"
url = "https://github.com/realm/SwiftLint/releases/download/0.65.0/swiftlint_linux_arm64.zip"
url_api = "https://api.github.com/repos/realm/SwiftLint/releases/assets/459315166"

[tools."github:realm/swiftlint"."platforms.linux-x64"]
checksum = "sha256:79306a34e5c7cc55a220cd108cbb861dcad5f10138dcdf261e2624ae8b0a486b"
url = "https://github.com/realm/SwiftLint/releases/download/0.65.0/swiftlint_linux_amd64.zip"
url_api = "https://api.github.com/repos/realm/SwiftLint/releases/assets/459315165"

[tools."github:realm/swiftlint"."platforms.linux-x64-musl"]
checksum = "sha256:79306a34e5c7cc55a220cd108cbb861dcad5f10138dcdf261e2624ae8b0a486b"
url = "https://github.com/realm/SwiftLint/releases/download/0.65.0/swiftlint_linux_amd64.zip"
url_api = "https://api.github.com/repos/realm/SwiftLint/releases/assets/459315165"

[tools."github:realm/swiftlint"."platforms.macos-arm64"]
checksum = "sha256:1c961705be94cf3012861df2a4f856d0dae0e5fd2e18413f91a0a94ae8c583f0"
url = "https://github.com/realm/SwiftLint/releases/download/0.65.0/SwiftLint.arm64.zip"
url_api = "https://api.github.com/repos/realm/SwiftLint/releases/assets/459315177"

[tools."github:realm/swiftlint"."platforms.macos-x64"]
checksum = "sha256:005e186b3dd5be302acc139c8666d395efea2c4819fb7cb1da5d1a88b59572dc"
url = "https://github.com/realm/SwiftLint/releases/download/0.65.0/SwiftLint.amd64.zip"
url_api = "https://api.github.com/repos/realm/SwiftLint/releases/assets/459315174"

[tools."github:realm/swiftlint"."platforms.windows-x64"]
checksum = "sha256:005e186b3dd5be302acc139c8666d395efea2c4819fb7cb1da5d1a88b59572dc"
url = "https://github.com/realm/SwiftLint/releases/download/0.65.0/SwiftLint.amd64.zip"
url_api = "https://api.github.com/repos/realm/SwiftLint/releases/assets/459315174"

[[tools.node]]
version = "26.7.0"
backend = "core:node"

[tools.node."platforms.linux-arm64"]
checksum = "sha256:925aa6157dd37542d0d7f2e28b7bf61e7b39284411210b0498bc3788db4aef68"
url = "https://nodejs.org/dist/v26.7.0/node-v26.7.0-linux-arm64.tar.gz"

[tools.node."platforms.linux-arm64-musl"]
checksum = "sha256:1f16cc0f6febcb1bed1d4550306806dbcfbaf5c1bc2f44f3c5c8b5d22a4cc27a"
url = "https://unofficial-builds.nodejs.org/download/release/v26.7.0/node-v26.7.0-linux-arm64-musl.tar.gz"

[tools.node."platforms.linux-x64"]
checksum = "sha256:bd6b6c31e377bad9ad579bed72e5bc11f4c879ac9452ad51d30e646ea3d828df"
url = "https://nodejs.org/dist/v26.7.0/node-v26.7.0-linux-x64.tar.gz"

[tools.node."platforms.linux-x64-musl"]
checksum = "sha256:5dc0180e7684ede6fc9d9e6333da45686f4b5a7820729d33c68335b283337295"
url = "https://unofficial-builds.nodejs.org/download/release/v26.7.0/node-v26.7.0-linux-x64-musl.tar.gz"

[tools.node."platforms.macos-arm64"]
checksum = "sha256:7ee659a7768e641bbfd5360940660b8e8fd0052f77488f365562bac522fc15d4"
url = "https://nodejs.org/dist/v26.7.0/node-v26.7.0-darwin-arm64.tar.gz"

[tools.node."platforms.macos-x64"]
checksum = "sha256:f279d1ed28ce57f7788bf23435d2ad7fdd7438904ad5c4d8a1081a7cde3d4b96"
url = "https://nodejs.org/dist/v26.7.0/node-v26.7.0-darwin-x64.tar.gz"

[tools.node."platforms.windows-x64"]
checksum = "sha256:d3bd72755141ed32bbcd841228ee81897c8a98d50dfa7dae2179399a0a7c90f8"
url = "https://nodejs.org/dist/v26.7.0/node-v26.7.0-win-x64.zip"

[[tools."spm:mono0926/LicensePlist"]]
version = "3.28.0"
backend = "spm:mono0926/LicensePlist"
