# @generated - this file is auto-generated by `mise lock` https://mise.jdx.dev/dev-tools/mise-lock.html

[[tools."aqua:tuist"]]
version = "4.205.0"
backend = "aqua:tuist"

[tools."aqua:tuist"."platforms.linux-arm64"]
checksum = "sha256:95ac8c72179b5d8bd4d09d1409a1d1d4e8ff0dee5973af7f1390026fd0e37e81"
url = "https://github.com/tuist/tuist/releases/download/4.205.0/tuist-linux-aarch64.tar.gz"
url_api = "https://api.github.com/repos/tuist/tuist/releases/assets/520684832"

[tools."aqua:tuist"."platforms.linux-arm64-musl"]
checksum = "sha256:95ac8c72179b5d8bd4d09d1409a1d1d4e8ff0dee5973af7f1390026fd0e37e81"
url = "https://github.com/tuist/tuist/releases/download/4.205.0/tuist-linux-aarch64.tar.gz"
url_api = "https://api.github.com/repos/tuist/tuist/releases/assets/520684832"

[tools."aqua:tuist"."platforms.linux-x64"]
checksum = "sha256:8c498a0474c2876f14c7a9816401dc1ccb2ae7f868b991f473f35c2507c7b1fc"
url = "https://github.com/tuist/tuist/releases/download/4.205.0/tuist-linux-x86_64.tar.gz"
url_api = "https://api.github.com/repos/tuist/tuist/releases/assets/520684831"

[tools."aqua:tuist"."platforms.linux-x64-musl"]
checksum = "sha256:8c498a0474c2876f14c7a9816401dc1ccb2ae7f868b991f473f35c2507c7b1fc"
url = "https://github.com/tuist/tuist/releases/download/4.205.0/tuist-linux-x86_64.tar.gz"
url_api = "https://api.github.com/repos/tuist/tuist/releases/assets/520684831"

[tools."aqua:tuist"."platforms.macos-arm64"]
checksum = "sha256:f83c742c80112e6d61ee3d4a2fa888c813ad86b94a787b1fe7ab4d7386dcafd5"
url = "https://github.com/tuist/tuist/releases/download/4.205.0/tuist.zip"
url_api = "https://api.github.com/repos/tuist/tuist/releases/assets/520684830"

[tools."aqua:tuist"."platforms.macos-x64"]
checksum = "sha256:f83c742c80112e6d61ee3d4a2fa888c813ad86b94a787b1fe7ab4d7386dcafd5"
url = "https://github.com/tuist/tuist/releases/download/4.205.0/tuist.zip"
url_api = "https://api.github.com/repos/tuist/tuist/releases/assets/520684830"

[[tools.aws]]
version = "2.36.19"
backend = "aqua:aws/aws-cli"

[[tools.git-lfs]]
version = "3.7.1"
backend = "aqua:git-lfs/git-lfs"

[tools.git-lfs."platforms.linux-arm64"]
checksum = "sha256:73a9c90eeb4312133a63c3eaee0c38c019ea7bfa0953d174809d25b18588dd8d"
url = "https://github.com/git-lfs/git-lfs/releases/download/v3.7.1/git-lfs-linux-arm64-v3.7.1.tar.gz"
url_api = "https://api.github.com/repos/git-lfs/git-lfs/releases/assets/305262644"

[tools.git-lfs."platforms.linux-arm64-musl"]
checksum = "sha256:73a9c90eeb4312133a63c3eaee0c38c019ea7bfa0953d174809d25b18588dd8d"
url = "https://github.com/git-lfs/git-lfs/releases/download/v3.7.1/git-lfs-linux-arm64-v3.7.1.tar.gz"
url_api = "https://api.github.com/repos/git-lfs/git-lfs/releases/assets/305262644"

[tools.git-lfs."platforms.linux-x64"]
checksum = "sha256:1c0b6ee5200ca708c5cebebb18fdeb0e1c98f1af5c1a9cba205a4c0ab5a5ec08"
url = "https://github.com/git-lfs/git-lfs/releases/download/v3.7.1/git-lfs-linux-amd64-v3.7.1.tar.gz"
url_api = "https://api.github.com/repos/git-lfs/git-lfs/releases/assets/305262626"

[tools.git-lfs."platforms.linux-x64-musl"]
checksum = "sha256:1c0b6ee5200ca708c5cebebb18fdeb0e1c98f1af5c1a9cba205a4c0ab5a5ec08"
url = "https://github.com/git-lfs/git-lfs/releases/download/v3.7.1/git-lfs-linux-amd64-v3.7.1.tar.gz"
url_api = "https://api.github.com/repos/git-lfs/git-lfs/releases/assets/305262626"

[tools.git-lfs."platforms.macos-arm64"]
checksum = "sha256:76260fb34f4ee622ff0a66b857e5954aa49c7e343a92e57a1ec4a760618c94b2"
url = "https://github.com/git-lfs/git-lfs/releases/download/v3.7.1/git-lfs-darwin-arm64-v3.7.1.zip"
url_api = "https://api.github.com/repos/git-lfs/git-lfs/releases/assets/305262593"

[tools.git-lfs."platforms.macos-x64"]
checksum = "sha256:b5b1b641c0648c83661fa9eda991cd3eff945264dabc2cdf411a80dfe7ec0970"
url = "https://github.com/git-lfs/git-lfs/releases/download/v3.7.1/git-lfs-darwin-amd64-v3.7.1.zip"
url_api = "https://api.github.com/repos/git-lfs/git-lfs/releases/assets/305262587"

[tools.git-lfs."platforms.windows-x64"]
checksum = "sha256:8683cdc3d6c029b49393dcebbaa6265bd6efd9abdcf837be855b4cd42e5e80b6"
url = "https://github.com/git-lfs/git-lfs/releases/download/v3.7.1/git-lfs-windows-amd64-v3.7.1.zip"
url_api = "https://api.github.com/repos/git-lfs/git-lfs/releases/assets/305262684"

[[tools."github:a7ex/xcresultparser"]]
version = "2.2.0"
backend = "github:a7ex/xcresultparser"

[tools."github:a7ex/xcresultparser"."platforms.linux-arm64"]
checksum = "sha256:83d058fe215ea3b30c50eabc778020c02eadf89f0dcb87decd4b292528d6633a"
url = "https://github.com/a7ex/xcresultparser/releases/download/2.2.0/xcresultparser.zip"
url_api = "https://api.github.com/repos/a7ex/xcresultparser/releases/assets/481765086"

[tools."github:a7ex/xcresultparser"."platforms.linux-arm64-musl"]
checksum = "sha256:83d058fe215ea3b30c50eabc778020c02eadf89f0dcb87decd4b292528d6633a"
url = "https://github.com/a7ex/xcresultparser/releases/download/2.2.0/xcresultparser.zip"
url_api = "https://api.github.com/repos/a7ex/xcresultparser/releases/assets/481765086"

[tools."github:a7ex/xcresultparser"."platforms.linux-x64"]
checksum = "sha256:83d058fe215ea3b30c50eabc778020c02eadf89f0dcb87decd4b292528d6633a"
url = "https://github.com/a7ex/xcresultparser/releases/download/2.2.0/xcresultparser.zip"
url_api = "https://api.github.com/repos/a7ex/xcresultparser/releases/assets/481765086"

[tools."github:a7ex/xcresultparser"."platforms.linux-x64-musl"]
checksum = "sha256:83d058fe215ea3b30c50eabc778020c02eadf89f0dcb87decd4b292528d6633a"
url = "https://github.com/a7ex/xcresultparser/releases/download/2.2.0/xcresultparser.zip"
url_api = "https://api.github.com/repos/a7ex/xcresultparser/releases/assets/481765086"

[tools."github:a7ex/xcresultparser"."platforms.macos-arm64"]
checksum = "sha256:83d058fe215ea3b30c50eabc778020c02eadf89f0dcb87decd4b292528d6633a"
url = "https://github.com/a7ex/xcresultparser/releases/download/2.2.0/xcresultparser.zip"
url_api = "https://api.github.com/repos/a7ex/xcresultparser/releases/assets/481765086"

[tools."github:a7ex/xcresultparser"."platforms.macos-x64"]
checksum = "sha256:83d058fe215ea3b30c50eabc778020c02eadf89f0dcb87decd4b292528d6633a"
url = "https://github.com/a7ex/xcresultparser/releases/download/2.2.0/xcresultparser.zip"
url_api = "https://api.github.com/repos/a7ex/xcresultparser/releases/assets/481765086"

[tools."github:a7ex/xcresultparser"."platforms.windows-x64"]
checksum = "sha256:83d058fe215ea3b30c50eabc778020c02eadf89f0dcb87decd4b292528d6633a"
url = "https://github.com/a7ex/xcresultparser/releases/download/2.2.0/xcresultparser.zip"
url_api = "https://api.github.com/repos/a7ex/xcresultparser/releases/assets/481765086"

[[tools."github:abiosoft/colima"]]
version = "0.10.3"
backend = "github:abiosoft/colima"

[tools."github:abiosoft/colima"."platforms.linux-arm64"]
checksum = "sha256:ebb69208007484ac36b8a6ba72a797189b0daa88f8b31bc2b563e82b9c91cb70"
url = "https://github.com/abiosoft/colima/releases/download/v0.10.3/colima-Linux-aarch64"
url_api = "https://api.github.com/repos/abiosoft/colima/releases/assets/438456730"

[tools."github:abiosoft/colima"."platforms.linux-arm64-musl"]
checksum = "sha256:ebb69208007484ac36b8a6ba72a797189b0daa88f8b31bc2b563e82b9c91cb70"
url = "https://github.com/abiosoft/colima/releases/download/v0.10.3/colima-Linux-aarch64"
url_api = "https://api.github.com/repos/abiosoft/colima/releases/assets/438456730"

[tools."github:abiosoft/colima"."platforms.linux-x64"]
checksum = "sha256:54ea35f4847815d0a1445dbc2bc3dd6469518a38a9e960449e96b044d248d00d"
url = "https://github.com/abiosoft/colima/releases/download/v0.10.3/colima-Linux-x86_64"
url_api = "https://api.github.com/repos/abiosoft/colima/releases/assets/438456720"

[tools."github:abiosoft/colima"."platforms.linux-x64-musl"]
checksum = "sha256:54ea35f4847815d0a1445dbc2bc3dd6469518a38a9e960449e96b044d248d00d"
url = "https://github.com/abiosoft/colima/releases/download/v0.10.3/colima-Linux-x86_64"
url_api = "https://api.github.com/repos/abiosoft/colima/releases/assets/438456720"

[tools."github:abiosoft/colima"."platforms.macos-arm64"]
checksum = "sha256:980ad8bf61a4ca370243f4cb41401a61276dcd2c2502bee7b9b86f9250169f34"
url = "https://github.com/abiosoft/colima/releases/download/v0.10.3/colima-Darwin-arm64"
url_api = "https://api.github.com/repos/abiosoft/colima/releases/assets/438456725"

[tools."github:abiosoft/colima"."platforms.macos-x64"]
checksum = "sha256:3082737fe8a98afda11cba7d9a20b6e56fe80c6153464beda04bec630758770b"
url = "https://github.com/abiosoft/colima/releases/download/v0.10.3/colima-Darwin-x86_64"
url_api = "https://api.github.com/repos/abiosoft/colima/releases/assets/438456722"

[[tools."github:jdx/aube"]]
version = "2.1.0"
backend = "github:jdx/aube"

[tools."github:jdx/aube"."platforms.linux-arm64"]
checksum = "sha256:43c7845d162c30973e38526c42cac9d87dd2b2bd6365ad5868daf10b026d898f"
url = "https://github.com/jdx/aube/releases/download/v2.1.0/aube-v2.1.0-aarch64-unknown-linux-gnu.tar.gz"
url_api = "https://api.github.com/repos/jdx/aube/releases/assets/526714837"
provenance = "github-attestations"

[tools."github:jdx/aube"."platforms.linux-arm64-musl"]
checksum = "sha256:ba7c8af15998ff08cc23a2536accedd2ffd727b7c8a87e019ca89ced5d986c9e"
url = "https://github.com/jdx/aube/releases/download/v2.1.0/aube-v2.1.0-aarch64-unknown-linux-musl.tar.gz"
url_api = "https://api.github.com/repos/jdx/aube/releases/assets/526690502"
provenance = "github-attestations"

[tools."github:jdx/aube"."platforms.linux-x64"]
checksum = "sha256:fa226a827eb36fad7be8bf997c25d5ef10ff1873f875ab6925b137202910a466"
url = "https://github.com/jdx/aube/releases/download/v2.1.0/aube-v2.1.0-x86_64-unknown-linux-gnu.tar.gz"
url_api = "https://api.github.com/repos/jdx/aube/releases/assets/526695884"
provenance = "github-attestations"

[tools."github:jdx/aube"."platforms.linux-x64-musl"]
checksum = "sha256:f7a62bb220bc3a3782ed2e6f6c9ed943fb1924258b4d0528e63d930650b46797"
url = "https://github.com/jdx/aube/releases/download/v2.1.0/aube-v2.1.0-x86_64-unknown-linux-musl.tar.gz"
url_api = "https://api.github.com/repos/jdx/aube/releases/assets/526694836"
provenance = "github-attestations"

[tools."github:jdx/aube"."platforms.macos-arm64"]
checksum = "sha256:4e5d7e7bab65c3c4f5a4db0022d6fe5516e51b1ddbbdf604b537d4a73aa682fd"
url = "https://github.com/jdx/aube/releases/download/v2.1.0/aube-v2.1.0-aarch64-apple-darwin.tar.gz"
url_api = "https://api.github.com/repos/jdx/aube/releases/assets/526711957"
provenance = "github-attestations"
provenance_verified = true

[tools."github:jdx/aube"."platforms.macos-x64"]
checksum = "sha256:284772446f98bbe16b480dc405cc765e38f51246237058e8b3d6d81974c1633f"
url = "https://github.com/jdx/aube/releases/download/v2.1.0/libaube-x86_64-apple-darwin.dylib"
url_api = "https://api.github.com/repos/jdx/aube/releases/assets/526701912"
provenance = "github-attestations"

[tools."github:jdx/aube"."platforms.windows-x64"]
checksum = "sha256:36ce2e3e2876fc89f619a6b773c5ecc5f9319edb851cec3648a0fd513f8be3c9"
url = "https://github.com/jdx/aube/releases/download/v2.1.0/aube-v2.1.0-x86_64-pc-windows-msvc.zip"
url_api = "https://api.github.com/repos/jdx/aube/releases/assets/526709956"
provenance = "github-attestations"

[[tools."github:jdx/fnox"]]
version = "1.34.0"
backend = "github:jdx/fnox"

[tools."github:jdx/fnox"."platforms.linux-arm64"]
checksum = "sha256:6a435547e9161b8a268538a04b2cf7886184e945d6649ffbc0ff367bbfbc8dea"
url = "https://github.com/jdx/fnox/releases/download/v1.34.0/fnox-aarch64-unknown-linux-gnu.tar.gz"
url_api = "https://api.github.com/repos/jdx/fnox/releases/assets/525712277"
provenance = "github-attestations"

[tools."github:jdx/fnox"."platforms.linux-arm64-musl"]
checksum = "sha256:9f3bdef3b618a11d123de4655191e319cb4a02691019609aeddcb862e05d27bd"
url = "https://github.com/jdx/fnox/releases/download/v1.34.0/fnox-aarch64-unknown-linux-musl.tar.gz"
url_api = "https://api.github.com/repos/jdx/fnox/releases/assets/525712271"
provenance = "github-attestations"

[tools."github:jdx/fnox"."platforms.linux-x64"]
checksum = "sha256:2344ad4d48956380e4b2dcf680dbbdd51ef6da447c805c832562b94a4bd8da6d"
url = "https://github.com/jdx/fnox/releases/download/v1.34.0/fnox-x86_64-unknown-linux-gnu.tar.gz"
url_api = "https://api.github.com/repos/jdx/fnox/releases/assets/525712303"
provenance = "github-attestations"

[tools."github:jdx/fnox"."platforms.linux-x64-musl"]
checksum = "sha256:3648e415a91044ecbbd626049c7d781f652095f49385cb8fbcb8eba5f39c9434"
url = "https://github.com/jdx/fnox/releases/download/v1.34.0/fnox-x86_64-unknown-linux-musl.tar.gz"
url_api = "https://api.github.com/repos/jdx/fnox/releases/assets/525712305"
provenance = "github-attestations"

[tools."github:jdx/fnox"."platforms.macos-arm64"]
checksum = "sha256:60cae86705108b7a2d2950b7182d58aa717f6996e4bb1e31fc1e8219a13a0cc5"
url = "https://github.com/jdx/fnox/releases/download/v1.34.0/fnox-aarch64-apple-darwin.tar.gz"
url_api = "https://api.github.com/repos/jdx/fnox/releases/assets/525712276"
provenance = "github-attestations"
provenance_verified = true

[tools."github:jdx/fnox"."platforms.macos-x64"]
checksum = "sha256:56c0bd7c8366f6ecf96f6c425cca81ba56fb64e16798bdbedf1a0675d287d868"
url = "https://github.com/jdx/fnox/releases/download/v1.34.0/fnox-x86_64-apple-darwin.tar.gz"
url_api = "https://api.github.com/repos/jdx/fnox/releases/assets/525712274"
provenance = "github-attestations"

[tools."github:jdx/fnox"."platforms.windows-x64"]
checksum = "sha256:c6db4dbbeff36f07ab8e9ca99816d81d44404be1fc24891ae0f87928f58e7fcc"
url = "https://github.com/jdx/fnox/releases/download/v1.34.0/fnox-x86_64-pc-windows-msvc.zip"
url_api = "https://api.github.com/repos/jdx/fnox/releases/assets/525712298"
provenance = "github-attestations"

[[tools."github:lima-vm/lima"]]
version = "2.2.0"
backend = "github:lima-vm/lima"

[tools."github:lima-vm/lima"."platforms.linux-arm64"]
checksum = "sha256:7c6a09c6844f55f811e9b7b2b60a6070a512c696c8ec752dfdb3c8ed50ed0364"
url = "https://github.com/lima-vm/lima/releases/download/v2.2.0/lima-2.2.0-Linux-aarch64.tar.gz"
url_api = "https://api.github.com/repos/lima-vm/lima/releases/assets/484813992"
provenance = "github-attestations"

[tools."github:lima-vm/lima"."platforms.linux-arm64-musl"]
checksum = "sha256:7c6a09c6844f55f811e9b7b2b60a6070a512c696c8ec752dfdb3c8ed50ed0364"
url = "https://github.com/lima-vm/lima/releases/download/v2.2.0/lima-2.2.0-Linux-aarch64.tar.gz"
url_api = "https://api.github.com/repos/lima-vm/lima/releases/assets/484813992"
provenance = "github-attestations"

[tools."github:lima-vm/lima"."platforms.linux-x64"]
checksum = "sha256:a0ea1ccf6b7335a900adb5f8d2b8384457965fecb1ba72f09b4e3e46d12f424a"
url = "https://github.com/lima-vm/lima/releases/download/v2.2.0/lima-2.2.0-Linux-x86_64.tar.gz"
url_api = "https://api.github.com/repos/lima-vm/lima/releases/assets/484813993"
provenance = "github-attestations"

[tools."github:lima-vm/lima"."platforms.linux-x64-musl"]
checksum = "sha256:a0ea1ccf6b7335a900adb5f8d2b8384457965fecb1ba72f09b4e3e46d12f424a"
url = "https://github.com/lima-vm/lima/releases/download/v2.2.0/lima-2.2.0-Linux-x86_64.tar.gz"
url_api = "https://api.github.com/repos/lima-vm/lima/releases/assets/484813993"
provenance = "github-attestations"

[tools."github:lima-vm/lima"."platforms.macos-arm64"]
checksum = "sha256:bbdef91774885a0d05f7b048c4eb89ae2bcf3a0c252ae7ca7934e63df76d93c3"
url = "https://github.com/lima-vm/lima/releases/download/v2.2.0/lima-2.2.0-Darwin-arm64.tar.gz"
url_api = "https://api.github.com/repos/lima-vm/lima/releases/assets/484813994"
provenance = "github-attestations"
provenance_verified = true

[tools."github:lima-vm/lima"."platforms.macos-x64"]
checksum = "sha256:0d6f99c19f6e4bc3c92730c4c29d929e6927f0cb0a0ba1a84383367135a8ff31"
url = "https://github.com/lima-vm/lima/releases/download/v2.2.0/lima-2.2.0-Darwin-x86_64.tar.gz"
url_api = "https://api.github.com/repos/lima-vm/lima/releases/assets/484813996"
provenance = "github-attestations"

[tools."github:lima-vm/lima"."platforms.windows-x64"]
checksum = "sha256:e7bf7dd2d2e7ab7ce020631f8f7533665f6e6f9068686d3ffcd0f3c438856ea9"
url = "https://github.com/lima-vm/lima/releases/download/v2.2.0/lima-2.2.0-Windows-AMD64.zip"
url_api = "https://api.github.com/repos/lima-vm/lima/releases/assets/484814002"
provenance = "github-attestations"

[[tools."github:nicklockwood/swiftformat"]]
version = "0.62.1"
backend = "github:nicklockwood/swiftformat"

[tools."github:nicklockwood/swiftformat"."platforms.linux-arm64"]
checksum = "sha256:374b1975082970ac17c9b307639dbc0a148656434cd612cff06957e279020f34"
url = "https://github.com/nicklockwood/SwiftFormat/releases/download/0.62.1/swiftformat_linux_aarch64.zip"
url_api = "https://api.github.com/repos/nicklockwood/SwiftFormat/releases/assets/469280453"

[tools."github:nicklockwood/swiftformat"."platforms.linux-arm64-musl"]
checksum = "sha256:374b1975082970ac17c9b307639dbc0a148656434cd612cff06957e279020f34"
url = "https://github.com/nicklockwood/SwiftFormat/releases/download/0.62.1/swiftformat_linux_aarch64.zip"
url_api = "https://api.github.com/repos/nicklockwood/SwiftFormat/releases/assets/469280453"

[tools."github:nicklockwood/swiftformat"."platforms.linux-x64"]
checksum = "sha256:61ff55f3581e2144a4ad114831167102c38be853df75c1477d20b40a8e8120aa"
url = "https://github.com/nicklockwood/SwiftFormat/releases/download/0.62.1/swiftformat_linux.zip"
url_api = "https://api.github.com/repos/nicklockwood/SwiftFormat/releases/assets/469280423"

[tools."github:nicklockwood/swiftformat"."platforms.linux-x64-musl"]
checksum = "sha256:61ff55f3581e2144a4ad114831167102c38be853df75c1477d20b40a8e8120aa"
url = "https://github.com/nicklockwood/SwiftFormat/releases/download/0.62.1/swiftformat_linux.zip"
url_api = "https://api.github.com/repos/nicklockwood/SwiftFormat/releases/assets/469280423"

[tools."github:nicklockwood/swiftformat"."platforms.macos-arm64"]
checksum = "sha256:7cb1cb1fae04932047c7015441c543848e8e60e1572d808d080e0a1f1661114a"
url = "https://github.com/nicklockwood/SwiftFormat/releases/download/0.62.1/swiftformat.zip"
url_api = "https://api.github.com/repos/nicklockwood/SwiftFormat/releases/assets/469280411"

[tools."github:nicklockwood/swiftformat"."platforms.macos-x64"]
checksum = "sha256:7cb1cb1fae04932047c7015441c543848e8e60e1572d808d080e0a1f1661114a"
url = "https://github.com/nicklockwood/SwiftFormat/releases/download/0.62.1/swiftformat.zip"
url_api = "https://api.github.com/repos/nicklockwood/SwiftFormat/releases/assets/469280411"

[tools."github:nicklockwood/swiftformat"."platforms.windows-x64"]
checksum = "sha256:7cb1cb1fae04932047c7015441c543848e8e60e1572d808d080e0a1f1661114a"
url = "https://github.com/nicklockwood/SwiftFormat/releases/download/0.62.1/swiftformat.zip"
url_api = "https://api.github.com/repos/nicklockwood/SwiftFormat/releases/assets/469280411"

[[tools."github:realm/swiftlint"]]
version = "0.65.1"
backend = "github:realm/swiftlint"

[tools."github:realm/swiftlint"."platforms.linux-arm64"]
checksum = "sha256:9ffa52f478e6d8eb485d37d14715ffac90abc81c58f3370d598bf75be05605f8"
url = "https://github.com/realm/SwiftLint/releases/download/0.65.1/swiftlint_linux_arm64.zip"
url_api = "https://api.github.com/repos/realm/SwiftLint/releases/assets/524187588"

[tools."github:realm/swiftlint"."platforms.linux-arm64-musl"]
checksum = "sha256:9ffa52f478e6d8eb485d37d14715ffac90abc81c58f3370d598bf75be05605f8"
url = "https://github.com/realm/SwiftLint/releases/download/0.65.1/swiftlint_linux_arm64.zip"
url_api = "https://api.github.com/repos/realm/SwiftLint/releases/assets/524187588"

[tools."github:realm/swiftlint"."platforms.linux-x64"]
checksum = "sha256:caeed6f4a679c35539ffaf124f6c4ab4a8416917f7d8796279dc52b74026059d"
url = "https://github.com/realm/SwiftLint/releases/download/0.65.1/swiftlint_linux_amd64.zip"
url_api = "https://api.github.com/repos/realm/SwiftLint/releases/assets/524187586"

[tools."github:realm/swiftlint"."platforms.linux-x64-musl"]
checksum = "sha256:caeed6f4a679c35539ffaf124f6c4ab4a8416917f7d8796279dc52b74026059d"
url = "https://github.com/realm/SwiftLint/releases/download/0.65.1/swiftlint_linux_amd64.zip"
url_api = "https://api.github.com/repos/realm/SwiftLint/releases/assets/524187586"

[tools."github:realm/swiftlint"."platforms.macos-arm64"]
checksum = "sha256:caeb95d6f066c1a81be1d002aa71e7104ac888d77d1b5119fa974b07439589ea"
url = "https://github.com/realm/SwiftLint/releases/download/0.65.1/SwiftLint.arm64.zip"
url_api = "https://api.github.com/repos/realm/SwiftLint/releases/assets/524187617"

[tools."github:realm/swiftlint"."platforms.macos-x64"]
checksum = "sha256:7bc65a2eb0829cb16c358ec1725577b9dbd2bb987e924193f1e12f45b458e074"
url = "https://github.com/realm/SwiftLint/releases/download/0.65.1/SwiftLint.amd64.zip"
url_api = "https://api.github.com/repos/realm/SwiftLint/releases/assets/524187612"

[tools."github:realm/swiftlint"."platforms.windows-x64"]
checksum = "sha256:7bc65a2eb0829cb16c358ec1725577b9dbd2bb987e924193f1e12f45b458e074"
url = "https://github.com/realm/SwiftLint/releases/download/0.65.1/SwiftLint.amd64.zip"
url_api = "https://api.github.com/repos/realm/SwiftLint/releases/assets/524187612"

[[tools.node]]
version = "26.7.0"
backend = "core:node"

[tools.node."platforms.linux-arm64"]
checksum = "sha256:925aa6157dd37542d0d7f2e28b7bf61e7b39284411210b0498bc3788db4aef68"
url = "https://nodejs.org/dist/v26.7.0/node-v26.7.0-linux-arm64.tar.gz"

[tools.node."platforms.linux-arm64-musl"]
checksum = "sha256:1f16cc0f6febcb1bed1d4550306806dbcfbaf5c1bc2f44f3c5c8b5d22a4cc27a"
url = "https://unofficial-builds.nodejs.org/download/release/v26.7.0/node-v26.7.0-linux-arm64-musl.tar.gz"

[tools.node."platforms.linux-x64"]
checksum = "sha256:bd6b6c31e377bad9ad579bed72e5bc11f4c879ac9452ad51d30e646ea3d828df"
url = "https://nodejs.org/dist/v26.7.0/node-v26.7.0-linux-x64.tar.gz"

[tools.node."platforms.linux-x64-musl"]
checksum = "sha256:5dc0180e7684ede6fc9d9e6333da45686f4b5a7820729d33c68335b283337295"
url = "https://unofficial-builds.nodejs.org/download/release/v26.7.0/node-v26.7.0-linux-x64-musl.tar.gz"

[tools.node."platforms.macos-arm64"]
checksum = "sha256:7ee659a7768e641bbfd5360940660b8e8fd0052f77488f365562bac522fc15d4"
url = "https://nodejs.org/dist/v26.7.0/node-v26.7.0-darwin-arm64.tar.gz"

[tools.node."platforms.macos-x64"]
checksum = "sha256:f279d1ed28ce57f7788bf23435d2ad7fdd7438904ad5c4d8a1081a7cde3d4b96"
url = "https://nodejs.org/dist/v26.7.0/node-v26.7.0-darwin-x64.tar.gz"

[tools.node."platforms.windows-x64"]
checksum = "sha256:d3bd72755141ed32bbcd841228ee81897c8a98d50dfa7dae2179399a0a7c90f8"
url = "https://nodejs.org/dist/v26.7.0/node-v26.7.0-win-x64.zip"

[[tools."spm:mono0926/LicensePlist"]]
version = "3.28.0"
backend = "spm:mono0926/LicensePlist"

[[tools.swiftlint]]
version = "0.65.1"
backend = "asdf:swiftlint"
